PODS:
  - Alamofire (5.2.1)
  - IQKeyboardManagerSwift (6.5.5)

DEPENDENCIES:
  - Alamofire (~> 5.2)
  - IQKeyboardManagerSwift

SPEC REPOS:
  trunk:
    - Alamofire
    - IQKeyboardManagerSwift

SPEC CHECKSUMS:
  Alamofire: e911732990610fe89af59ac0077f923d72dc3dfd
  IQKeyboardManagerSwift: 0fb93310284665245591f50f7a5e38de615960b7

PODFILE CHECKSUM: 10e0888dcd128f94a34ccb5fad36fe695af4ec1e

COCOAPODS: 1.9.1
