// !$*UTF8*$!
{
	archiveVersion = 1;
	classes = {
	};
	objectVersion = 50;
	objects = {

/* Begin PBXBuildFile section */
		991A6B9D25F958E700D31A26 /* AppDelegate.swift in Sources */ = {isa = PBXBuildFile; fileRef = 991A6B9C25F958E700D31A26 /* AppDelegate.swift */; };
		991A6B9F25F958E700D31A26 /* SceneDelegate.swift in Sources */ = {isa = PBXBuildFile; fileRef = 991A6B9E25F958E700D31A26 /* SceneDelegate.swift */; };
		991A6BA125F958E700D31A26 /* ViewController.swift in Sources */ = {isa = PBXBuildFile; fileRef = 991A6BA025F958E700D31A26 /* ViewController.swift */; };
		991A6BA425F958E800D31A26 /* Main.storyboard in Resources */ = {isa = PBXBuildFile; fileRef = 991A6BA225F958E800D31A26 /* Main.storyboard */; };
		991A6BA625F958EB00D31A26 /* Assets.xcassets in Resources */ = {isa = PBXBuildFile; fileRef = 991A6BA525F958EB00D31A26 /* Assets.xcassets */; };
		991A6BA925F958EB00D31A26 /* LaunchScreen.storyboard in Resources */ = {isa = PBXBuildFile; fileRef = 991A6BA725F958EB00D31A26 /* LaunchScreen.storyboard */; };
		991A6BB425F958EC00D31A26 /* MarvelFantasyDemoTests.swift in Sources */ = {isa = PBXBuildFile; fileRef = 991A6BB325F958EC00D31A26 /* MarvelFantasyDemoTests.swift */; };
		991A6BBF25F958EC00D31A26 /* MarvelFantasyDemoUITests.swift in Sources */ = {isa = PBXBuildFile; fileRef = 991A6BBE25F958EC00D31A26 /* MarvelFantasyDemoUITests.swift */; };
/* End PBXBuildFile section */

/* Begin PBXContainerItemProxy section */
		991A6BB025F958EC00D31A26 /* PBXContainerItemProxy */ = {
			isa = PBXContainerItemProxy;
			containerPortal = 991A6B9125F958E700D31A26 /* Project object */;
			proxyType = 1;
			remoteGlobalIDString = 991A6B9825F958E700D31A26;
			remoteInfo = MarvelFantasyDemo;
		};
		991A6BBB25F958EC00D31A26 /* PBXContainerItemProxy */ = {
			isa = PBXContainerItemProxy;
			containerPortal = 991A6B9125F958E700D31A26 /* Project object */;
			proxyType = 1;
			remoteGlobalIDString = 991A6B9825F958E700D31A26;
			remoteInfo = MarvelFantasyDemo;
		};
/* End PBXContainerItemProxy section */

/* Begin PBXFileReference section */
		991A6B9925F958E700D31A26 /* MarvelFantasyDemo.app */ = {isa = PBXFileReference; explicitFileType = wrapper.application; includeInIndex = 0; path = MarvelFantasyDemo.app; sourceTree = BUILT_PRODUCTS_DIR; };
		991A6B9C25F958E700D31A26 /* AppDelegate.swift */ = {isa = PBXFileReference; lastKnownFileType = sourcecode.swift; path = AppDelegate.swift; sourceTree = "<group>"; };
		991A6B9E25F958E700D31A26 /* SceneDelegate.swift */ = {isa = PBXFileReference; lastKnownFileType = sourcecode.swift; path = SceneDelegate.swift; sourceTree = "<group>"; };
		991A6BA025F958E700D31A26 /* ViewController.swift */ = {isa = PBXFileReference; lastKnownFileType = sourcecode.swift; path = ViewController.swift; sourceTree = "<group>"; };
		991A6BA325F958E800D31A26 /* Base */ = {isa = PBXFileReference; lastKnownFileType = file.storyboard; name = Base; path = Base.lproj/Main.storyboard; sourceTree = "<group>"; };
		991A6BA525F958EB00D31A26 /* Assets.xcassets */ = {isa = PBXFileReference; lastKnownFileType = folder.assetcatalog; path = Assets.xcassets; sourceTree = "<group>"; };
		991A6BA825F958EB00D31A26 /* Base */ = {isa = PBXFileReference; lastKnownFileType = file.storyboard; name = Base; path = Base.lproj/LaunchScreen.storyboard; sourceTree = "<group>"; };
		991A6BAA25F958EB00D31A26 /* Info.plist */ = {isa = PBXFileReference; lastKnownFileType = text.plist.xml; path = Info.plist; sourceTree = "<group>"; };
		991A6BAF25F958EC00D31A26 /* MarvelFantasyDemoTests.xctest */ = {isa = PBXFileReference; explicitFileType = wrapper.cfbundle; includeInIndex = 0; path = MarvelFantasyDemoTests.xctest; sourceTree = BUILT_PRODUCTS_DIR; };
		991A6BB325F958EC00D31A26 /* MarvelFantasyDemoTests.swift */ = {isa = PBXFileReference; lastKnownFileType = sourcecode.swift; path = MarvelFantasyDemoTests.swift; sourceTree = "<group>"; };
		991A6BB525F958EC00D31A26 /* Info.plist */ = {isa = PBXFileReference; lastKnownFileType = text.plist.xml; path = Info.plist; sourceTree = "<group>"; };
		991A6BBA25F958EC00D31A26 /* MarvelFantasyDemoUITests.xctest */ = {isa = PBXFileReference; explicitFileType = wrapper.cfbundle; includeInIndex = 0; path = MarvelFantasyDemoUITests.xctest; sourceTree = BUILT_PRODUCTS_DIR; };
		991A6BBE25F958EC00D31A26 /* MarvelFantasyDemoUITests.swift */ = {isa = PBXFileReference; lastKnownFileType = sourcecode.swift; path = MarvelFantasyDemoUITests.swift; sourceTree = "<group>"; };
		991A6BC025F958EC00D31A26 /* Info.plist */ = {isa = PBXFileReference; lastKnownFileType = text.plist.xml; path = Info.plist; sourceTree = "<group>"; };
/* End PBXFileReference section */

/* Begin PBXFrameworksBuildPhase section */
		991A6B9625F958E700D31A26 /* Frameworks */ = {
			isa = PBXFrameworksBuildPhase;
			buildActionMask = 2147483647;
			files = (
			);
			runOnlyForDeploymentPostprocessing = 0;
		};
		991A6BAC25F958EC00D31A26 /* Frameworks */ = {
			isa = PBXFrameworksBuildPhase;
			buildActionMask = 2147483647;
			files = (
			);
			runOnlyForDeploymentPostprocessing = 0;
		};
		991A6BB725F958EC00D31A26 /* Frameworks */ = {
			isa = PBXFrameworksBuildPhase;
			buildActionMask = 2147483647;
			files = (
			);
			runOnlyForDeploymentPostprocessing = 0;
		};
/* End PBXFrameworksBuildPhase section */

/* Begin PBXGroup section */
		991A6B9025F958E700D31A26 = {
			isa = PBXGroup;
			children = (
				991A6B9B25F958E700D31A26 /* MarvelFantasyDemo */,
				991A6BB225F958EC00D31A26 /* MarvelFantasyDemoTests */,
				991A6BBD25F958EC00D31A26 /* MarvelFantasyDemoUITests */,
				991A6B9A25F958E700D31A26 /* Products */,
			);
			sourceTree = "<group>";
		};
		991A6B9A25F958E700D31A26 /* Products */ = {
			isa = PBXGroup;
			children = (
				991A6B9925F958E700D31A26 /* MarvelFantasyDemo.app */,
				991A6BAF25F958EC00D31A26 /* MarvelFantasyDemoTests.xctest */,
				991A6BBA25F958EC00D31A26 /* MarvelFantasyDemoUITests.xctest */,
			);
			name = Products;
			sourceTree = "<group>";
		};
		991A6B9B25F958E700D31A26 /* MarvelFantasyDemo */ = {
			isa = PBXGroup;
			children = (
				991A6B9C25F958E700D31A26 /* AppDelegate.swift */,
				991A6B9E25F958E700D31A26 /* SceneDelegate.swift */,
				991A6BA025F958E700D31A26 /* ViewController.swift */,
				991A6BA225F958E800D31A26 /* Main.storyboard */,
				991A6BA525F958EB00D31A26 /* Assets.xcassets */,
				991A6BA725F958EB00D31A26 /* LaunchScreen.storyboard */,
				991A6BAA25F958EB00D31A26 /* Info.plist */,
			);
			path = MarvelFantasyDemo;
			sourceTree = "<group>";
		};
		991A6BB225F958EC00D31A26 /* MarvelFantasyDemoTests */ = {
			isa = PBXGroup;
			children = (
				991A6BB325F958EC00D31A26 /* MarvelFantasyDemoTests.swift */,
				991A6BB525F958EC00D31A26 /* Info.plist */,
			);
			path = MarvelFantasyDemoTests;
			sourceTree = "<group>";
		};
		991A6BBD25F958EC00D31A26 /* MarvelFantasyDemoUITests */ = {
			isa = PBXGroup;
			children = (
				991A6BBE25F958EC00D31A26 /* MarvelFantasyDemoUITests.swift */,
				991A6BC025F958EC00D31A26 /* Info.plist */,
			);
			path = MarvelFantasyDemoUITests;
			sourceTree = "<group>";
		};
/* End PBXGroup section */

/* Begin PBXNativeTarget section */
		991A6B9825F958E700D31A26 /* MarvelFantasyDemo */ = {
			isa = PBXNativeTarget;
			buildConfigurationList = 991A6BC325F958EC00D31A26 /* Build configuration list for PBXNativeTarget "MarvelFantasyDemo" */;
			buildPhases = (
				991A6B9525F958E700D31A26 /* Sources */,
				991A6B9625F958E700D31A26 /* Frameworks */,
				991A6B9725F958E700D31A26 /* Resources */,
			);
			buildRules = (
			);
			dependencies = (
			);
			name = MarvelFantasyDemo;
			productName = MarvelFantasyDemo;
			productReference = 991A6B9925F958E700D31A26 /* MarvelFantasyDemo.app */;
			productType = "com.apple.product-type.application";
		};
		991A6BAE25F958EC00D31A26 /* MarvelFantasyDemoTests */ = {
			isa = PBXNativeTarget;
			buildConfigurationList = 991A6BC625F958EC00D31A26 /* Build configuration list for PBXNativeTarget "MarvelFantasyDemoTests" */;
			buildPhases = (
				991A6BAB25F958EC00D31A26 /* Sources */,
				991A6BAC25F958EC00D31A26 /* Frameworks */,
				991A6BAD25F958EC00D31A26 /* Resources */,
			);
			buildRules = (
			);
			dependencies = (
				991A6BB125F958EC00D31A26 /* PBXTargetDependency */,
			);
			name = MarvelFantasyDemoTests;
			productName = MarvelFantasyDemoTests;
			productReference = 991A6BAF25F958EC00D31A26 /* MarvelFantasyDemoTests.xctest */;
			productType = "com.apple.product-type.bundle.unit-test";
		};
		991A6BB925F958EC00D31A26 /* MarvelFantasyDemoUITests */ = {
			isa = PBXNativeTarget;
			buildConfigurationList = 991A6BC925F958EC00D31A26 /* Build configuration list for PBXNativeTarget "MarvelFantasyDemoUITests" */;
			buildPhases = (
				991A6BB625F958EC00D31A26 /* Sources */,
				991A6BB725F958EC00D31A26 /* Frameworks */,
				991A6BB825F958EC00D31A26 /* Resources */,
			);
			buildRules = (
			);
			dependencies = (
				991A6BBC25F958EC00D31A26 /* PBXTargetDependency */,
			);
			name = MarvelFantasyDemoUITests;
			productName = MarvelFantasyDemoUITests;
			productReference = 991A6BBA25F958EC00D31A26 /* MarvelFantasyDemoUITests.xctest */;
			productType = "com.apple.product-type.bundle.ui-testing";
		};
/* End PBXNativeTarget section */

/* Begin PBXProject section */
		991A6B9125F958E700D31A26 /* Project object */ = {
			isa = PBXProject;
			attributes = {
				LastSwiftUpdateCheck = 1220;
				LastUpgradeCheck = 1220;
				TargetAttributes = {
					991A6B9825F958E700D31A26 = {
						CreatedOnToolsVersion = 12.2;
					};
					991A6BAE25F958EC00D31A26 = {
						CreatedOnToolsVersion = 12.2;
						TestTargetID = 991A6B9825F958E700D31A26;
					};
					991A6BB925F958EC00D31A26 = {
						CreatedOnToolsVersion = 12.2;
						TestTargetID = 991A6B9825F958E700D31A26;
					};
				};
			};
			buildConfigurationList = 991A6B9425F958E700D31A26 /* Build configuration list for PBXProject "MarvelFantasyDemo" */;
			compatibilityVersion = "Xcode 9.3";
			developmentRegion = en;
			hasScannedForEncodings = 0;
			knownRegions = (
				en,
				Base,
			);
			mainGroup = 991A6B9025F958E700D31A26;
			productRefGroup = 991A6B9A25F958E700D31A26 /* Products */;
			projectDirPath = "";
			projectRoot = "";
			targets = (
				991A6B9825F958E700D31A26 /* MarvelFantasyDemo */,
				991A6BAE25F958EC00D31A26 /* MarvelFantasyDemoTests */,
				991A6BB925F958EC00D31A26 /* MarvelFantasyDemoUITests */,
			);
		};
/* End PBXProject section */

/* Begin PBXResourcesBuildPhase section */
		991A6B9725F958E700D31A26 /* Resources */ = {
			isa = PBXResourcesBuildPhase;
			buildActionMask = 2147483647;
			files = (
				991A6BA925F958EB00D31A26 /* LaunchScreen.storyboard in Resources */,
				991A6BA625F958EB00D31A26 /* Assets.xcassets in Resources */,
				991A6BA425F958E800D31A26 /* Main.storyboard in Resources */,
			);
			runOnlyForDeploymentPostprocessing = 0;
		};
		991A6BAD25F958EC00D31A26 /* Resources */ = {
			isa = PBXResourcesBuildPhase;
			buildActionMask = 2147483647;
			files = (
			);
			runOnlyForDeploymentPostprocessing = 0;
		};
		991A6BB825F958EC00D31A26 /* Resources */ = {
			isa = PBXResourcesBuildPhase;
			buildActionMask = 2147483647;
			files = (
			);
			runOnlyForDeploymentPostprocessing = 0;
		};
/* End PBXResourcesBuildPhase section */

/* Begin PBXSourcesBuildPhase section */
		991A6B9525F958E700D31A26 /* Sources */ = {
			isa = PBXSourcesBuildPhase;
			buildActionMask = 2147483647;
			files = (
				991A6BA125F958E700D31A26 /* ViewController.swift in Sources */,
				991A6B9D25F958E700D31A26 /* AppDelegate.swift in Sources */,
				991A6B9F25F958E700D31A26 /* SceneDelegate.swift in Sources */,
			);
			runOnlyForDeploymentPostprocessing = 0;
		};
		991A6BAB25F958EC00D31A26 /* Sources */ = {
			isa = PBXSourcesBuildPhase;
			buildActionMask = 2147483647;
			files = (
				991A6BB425F958EC00D31A26 /* MarvelFantasyDemoTests.swift in Sources */,
			);
			runOnlyForDeploymentPostprocessing = 0;
		};
		991A6BB625F958EC00D31A26 /* Sources */ = {
			isa = PBXSourcesBuildPhase;
			buildActionMask = 2147483647;
			files = (
				991A6BBF25F958EC00D31A26 /* MarvelFantasyDemoUITests.swift in Sources */,
			);
			runOnlyForDeploymentPostprocessing = 0;
		};
/* End PBXSourcesBuildPhase section */

/* Begin PBXTargetDependency section */
		991A6BB125F958EC00D31A26 /* PBXTargetDependency */ = {
			isa = PBXTargetDependency;
			target = 991A6B9825F958E700D31A26 /* MarvelFantasyDemo */;
			targetProxy = 991A6BB025F958EC00D31A26 /* PBXContainerItemProxy */;
		};
		991A6BBC25F958EC00D31A26 /* PBXTargetDependency */ = {
			isa = PBXTargetDependency;
			target = 991A6B9825F958E700D31A26 /* MarvelFantasyDemo */;
			targetProxy = 991A6BBB25F958EC00D31A26 /* PBXContainerItemProxy */;
		};
/* End PBXTargetDependency section */

/* Begin PBXVariantGroup section */
		991A6BA225F958E800D31A26 /* Main.storyboard */ = {
			isa = PBXVariantGroup;
			children = (
				991A6BA325F958E800D31A26 /* Base */,
			);
			name = Main.storyboard;
			sourceTree = "<group>";
		};
		991A6BA725F958EB00D31A26 /* LaunchScreen.storyboard */ = {
			isa = PBXVariantGroup;
			children = (
				991A6BA825F958EB00D31A26 /* Base */,
			);
			name = LaunchScreen.storyboard;
			sourceTree = "<group>";
		};
/* End PBXVariantGroup section */

/* Begin XCBuildConfiguration section */
		991A6BC125F958EC00D31A26 /* Debug */ = {
			isa = XCBuildConfiguration;
			buildSettings = {
				ALWAYS_SEARCH_USER_PATHS = NO;
				CLANG_ANALYZER_NONNULL = YES;
				CLANG_ANALYZER_NUMBER_OBJECT_CONVERSION = YES_AGGRESSIVE;
				CLANG_CXX_LANGUAGE_STANDARD = "gnu++14";
				CLANG_CXX_LIBRARY = "libc++";
				CLANG_ENABLE_MODULES = YES;
				CLANG_ENABLE_OBJC_ARC = YES;
				CLANG_ENABLE_OBJC_WEAK = YES;
				CLANG_WARN_BLOCK_CAPTURE_AUTORELEASING = YES;
				CLANG_WARN_BOOL_CONVERSION = YES;
				CLANG_WARN_COMMA = YES;
				CLANG_WARN_CONSTANT_CONVERSION = YES;
				CLANG_WARN_DEPRECATED_OBJC_IMPLEMENTATIONS = YES;
				CLANG_WARN_DIRECT_OBJC_ISA_USAGE = YES_ERROR;
				CLANG_WARN_DOCUMENTATION_COMMENTS = YES;
				CLANG_WARN_EMPTY_BODY = YES;
				CLANG_WARN_ENUM_CONVERSION = YES;
				CLANG_WARN_INFINITE_RECURSION = YES;
				CLANG_WARN_INT_CONVERSION = YES;
				CLANG_WARN_NON_LITERAL_NULL_CONVERSION = YES;
				CLANG_WARN_OBJC_IMPLICIT_RETAIN_SELF = YES;
				CLANG_WARN_OBJC_LITERAL_CONVERSION = YES;
				CLANG_WARN_OBJC_ROOT_CLASS = YES_ERROR;
				CLANG_WARN_QUOTED_INCLUDE_IN_FRAMEWORK_HEADER = YES;
				CLANG_WARN_RANGE_LOOP_ANALYSIS = YES;
				CLANG_WARN_STRICT_PROTOTYPES = YES;
				CLANG_WARN_SUSPICIOUS_MOVE = YES;
				CLANG_WARN_UNGUARDED_AVAILABILITY = YES_AGGRESSIVE;
				CLANG_WARN_UNREACHABLE_CODE = YES;
				CLANG_WARN__DUPLICATE_METHOD_MATCH = YES;
				COPY_PHASE_STRIP = NO;
				DEBUG_INFORMATION_FORMAT = dwarf;
				ENABLE_STRICT_OBJC_MSGSEND = YES;
				ENABLE_TESTABILITY = YES;
				GCC_C_LANGUAGE_STANDARD = gnu11;
				GCC_DYNAMIC_NO_PIC = NO;
				GCC_NO_COMMON_BLOCKS = YES;
				GCC_OPTIMIZATION_LEVEL = 0;
				GCC_PREPROCESSOR_DEFINITIONS = (
					"DEBUG=1",
					"$(inherited)",
				);
				GCC_WARN_64_TO_32_BIT_CONVERSION = YES;
				GCC_WARN_ABOUT_RETURN_TYPE = YES_ERROR;
				GCC_WARN_UNDECLARED_SELECTOR = YES;
				GCC_WARN_UNINITIALIZED_AUTOS = YES_AGGRESSIVE;
				GCC_WARN_UNUSED_FUNCTION = YES;
				GCC_WARN_UNUSED_VARIABLE = YES;
				IPHONEOS_DEPLOYMENT_TARGET = 14.2;
				MTL_ENABLE_DEBUG_INFO = INCLUDE_SOURCE;
				MTL_FAST_MATH = YES;
				ONLY_ACTIVE_ARCH = YES;
				SDKROOT = iphoneos;
				SWIFT_ACTIVE_COMPILATION_CONDITIONS = DEBUG;
				SWIFT_OPTIMIZATION_LEVEL = "-Onone";
			};
			name = Debug;
		};
		991A6BC225F958EC00D31A26 /* Release */ = {
			isa = XCBuildConfiguration;
			buildSettings = {
				ALWAYS_SEARCH_USER_PATHS = NO;
				CLANG_ANALYZER_NONNULL = YES;
				CLANG_ANALYZER_NUMBER_OBJECT_CONVERSION = YES_AGGRESSIVE;
				CLANG_CXX_LANGUAGE_STANDARD = "gnu++14";
				CLANG_CXX_LIBRARY = "libc++";
				CLANG_ENABLE_MODULES = YES;
				CLANG_ENABLE_OBJC_ARC = YES;
				CLANG_ENABLE_OBJC_WEAK = YES;
				CLANG_WARN_BLOCK_CAPTURE_AUTORELEASING = YES;
				CLANG_WARN_BOOL_CONVERSION = YES;
				CLANG_WARN_COMMA = YES;
				CLANG_WARN_CONSTANT_CONVERSION = YES;
				CLANG_WARN_DEPRECATED_OBJC_IMPLEMENTATIONS = YES;
				CLANG_WARN_DIRECT_OBJC_ISA_USAGE = YES_ERROR;
				CLANG_WARN_DOCUMENTATION_COMMENTS = YES;
				CLANG_WARN_EMPTY_BODY = YES;
				CLANG_WARN_ENUM_CONVERSION = YES;
				CLANG_WARN_INFINITE_RECURSION = YES;
				CLANG_WARN_INT_CONVERSION = YES;
				CLANG_WARN_NON_LITERAL_NULL_CONVERSION = YES;
				CLANG_WARN_OBJC_IMPLICIT_RETAIN_SELF = YES;
				CLANG_WARN_OBJC_LITERAL_CONVERSION = YES;
				CLANG_WARN_OBJC_ROOT_CLASS = YES_ERROR;
				CLANG_WARN_QUOTED_INCLUDE_IN_FRAMEWORK_HEADER = YES;
				CLANG_WARN_RANGE_LOOP_ANALYSIS = YES;
				CLANG_WARN_STRICT_PROTOTYPES = YES;
				CLANG_WARN_SUSPICIOUS_MOVE = YES;
				CLANG_WARN_UNGUARDED_AVAILABILITY = YES_AGGRESSIVE;
				CLANG_WARN_UNREACHABLE_CODE = YES;
				CLANG_WARN__DUPLICATE_METHOD_MATCH = YES;
				COPY_PHASE_STRIP = NO;
				DEBUG_INFORMATION_FORMAT = "dwarf-with-dsym";
				ENABLE_NS_ASSERTIONS = NO;
				ENABLE_STRICT_OBJC_MSGSEND = YES;
				GCC_C_LANGUAGE_STANDARD = gnu11;
				GCC_NO_COMMON_BLOCKS = YES;
				GCC_WARN_64_TO_32_BIT_CONVERSION = YES;
				GCC_WARN_ABOUT_RETURN_TYPE = YES_ERROR;
				GCC_WARN_UNDECLARED_SELECTOR = YES;
				GCC_WARN_UNINITIALIZED_AUTOS = YES_AGGRESSIVE;
				GCC_WARN_UNUSED_FUNCTION = YES;
				GCC_WARN_UNUSED_VARIABLE = YES;
				IPHONEOS_DEPLOYMENT_TARGET = 14.2;
				MTL_ENABLE_DEBUG_INFO = NO;
				MTL_FAST_MATH = YES;
				SDKROOT = iphoneos;
				SWIFT_COMPILATION_MODE = wholemodule;
				SWIFT_OPTIMIZATION_LEVEL = "-O";
				VALIDATE_PRODUCT = YES;
			};
			name = Release;
		};
		991A6BC425F958EC00D31A26 /* Debug */ = {
			isa = XCBuildConfiguration;
			buildSettings = {
				ASSETCATALOG_COMPILER_APPICON_NAME = AppIcon;
				ASSETCATALOG_COMPILER_GLOBAL_ACCENT_COLOR_NAME = AccentColor;
				CODE_SIGN_STYLE = Automatic;
				DEVELOPMENT_TEAM = 3QZAD6AG54;
				INFOPLIST_FILE = MarvelFantasyDemo/Info.plist;
				LD_RUNPATH_SEARCH_PATHS = (
					"$(inherited)",
					"@executable_path/Frameworks",
				);
				PRODUCT_BUNDLE_IDENTIFIER = com.hempoudyal.MarvelFantasyDemo;
				PRODUCT_NAME = "$(TARGET_NAME)";
				SWIFT_VERSION = 5.0;
				TARGETED_DEVICE_FAMILY = "1,2";
			};
			name = Debug;
		};
		991A6BC525F958EC00D31A26 /* Release */ = {
			isa = XCBuildConfiguration;
			buildSettings = {
				ASSETCATALOG_COMPILER_APPICON_NAME = AppIcon;
				ASSETCATALOG_COMPILER_GLOBAL_ACCENT_COLOR_NAME = AccentColor;
				CODE_SIGN_STYLE = Automatic;
				DEVELOPMENT_TEAM = 3QZAD6AG54;
				INFOPLIST_FILE = MarvelFantasyDemo/Info.plist;
				LD_RUNPATH_SEARCH_PATHS = (
					"$(inherited)",
					"@executable_path/Frameworks",
				);
				PRODUCT_BUNDLE_IDENTIFIER = com.hempoudyal.MarvelFantasyDemo;
				PRODUCT_NAME = "$(TARGET_NAME)";
				SWIFT_VERSION = 5.0;
				TARGETED_DEVICE_FAMILY = "1,2";
			};
			name = Release;
		};
		991A6BC725F958EC00D31A26 /* Debug */ = {
			isa = XCBuildConfiguration;
			buildSettings = {
				ALWAYS_EMBED_SWIFT_STANDARD_LIBRARIES = YES;
				BUNDLE_LOADER = "$(TEST_HOST)";
				CODE_SIGN_STYLE = Automatic;
				DEVELOPMENT_TEAM = 3QZAD6AG54;
				INFOPLIST_FILE = MarvelFantasyDemoTests/Info.plist;
				IPHONEOS_DEPLOYMENT_TARGET = 14.2;
				LD_RUNPATH_SEARCH_PATHS = (
					"$(inherited)",
					"@executable_path/Frameworks",
					"@loader_path/Frameworks",
				);
				PRODUCT_BUNDLE_IDENTIFIER = com.hempoudyal.MarvelFantasyDemoTests;
				PRODUCT_NAME = "$(TARGET_NAME)";
				SWIFT_VERSION = 5.0;
				TARGETED_DEVICE_FAMILY = "1,2";
				TEST_HOST = "$(BUILT_PRODUCTS_DIR)/MarvelFantasyDemo.app/MarvelFantasyDemo";
			};
			name = Debug;
		};
		991A6BC825F958EC00D31A26 /* Release */ = {
			isa = XCBuildConfiguration;
			buildSettings = {
				ALWAYS_EMBED_SWIFT_STANDARD_LIBRARIES = YES;
				BUNDLE_LOADER = "$(TEST_HOST)";
				CODE_SIGN_STYLE = Automatic;
				DEVELOPMENT_TEAM = 3QZAD6AG54;
				INFOPLIST_FILE = MarvelFantasyDemoTests/Info.plist;
				IPHONEOS_DEPLOYMENT_TARGET = 14.2;
				LD_RUNPATH_SEARCH_PATHS = (
					"$(inherited)",
					"@executable_path/Frameworks",
					"@loader_path/Frameworks",
				);
				PRODUCT_BUNDLE_IDENTIFIER = com.hempoudyal.MarvelFantasyDemoTests;
				PRODUCT_NAME = "$(TARGET_NAME)";
				SWIFT_VERSION = 5.0;
				TARGETED_DEVICE_FAMILY = "1,2";
				TEST_HOST = "$(BUILT_PRODUCTS_DIR)/MarvelFantasyDemo.app/MarvelFantasyDemo";
			};
			name = Release;
		};
		991A6BCA25F958EC00D31A26 /* Debug */ = {
			isa = XCBuildConfiguration;
			buildSettings = {
				ALWAYS_EMBED_SWIFT_STANDARD_LIBRARIES = YES;
				CODE_SIGN_STYLE = Automatic;
				DEVELOPMENT_TEAM = 3QZAD6AG54;
				INFOPLIST_FILE = MarvelFantasyDemoUITests/Info.plist;
				LD_RUNPATH_SEARCH_PATHS = (
					"$(inherited)",
					"@executable_path/Frameworks",
					"@loader_path/Frameworks",
				);
				PRODUCT_BUNDLE_IDENTIFIER = com.hempoudyal.MarvelFantasyDemoUITests;
				PRODUCT_NAME = "$(TARGET_NAME)";
				SWIFT_VERSION = 5.0;
				TARGETED_DEVICE_FAMILY = "1,2";
				TEST_TARGET_NAME = MarvelFantasyDemo;
			};
			name = Debug;
		};
		991A6BCB25F958EC00D31A26 /* Release */ = {
			isa = XCBuildConfiguration;
			buildSettings = {
				ALWAYS_EMBED_SWIFT_STANDARD_LIBRARIES = YES;
				CODE_SIGN_STYLE = Automatic;
				DEVELOPMENT_TEAM = 3QZAD6AG54;
				INFOPLIST_FILE = MarvelFantasyDemoUITests/Info.plist;
				LD_RUNPATH_SEARCH_PATHS = (
					"$(inherited)",
					"@executable_path/Frameworks",
					"@loader_path/Frameworks",
				);
				PRODUCT_BUNDLE_IDENTIFIER = com.hempoudyal.MarvelFantasyDemoUITests;
				PRODUCT_NAME = "$(TARGET_NAME)";
				SWIFT_VERSION = 5.0;
				TARGETED_DEVICE_FAMILY = "1,2";
				TEST_TARGET_NAME = MarvelFantasyDemo;
			};
			name = Release;
		};
/* End XCBuildConfiguration section */

/* Begin XCConfigurationList section */
		991A6B9425F958E700D31A26 /* Build configuration list for PBXProject "MarvelFantasyDemo" */ = {
			isa = XCConfigurationList;
			buildConfigurations = (
				991A6BC125F958EC00D31A26 /* Debug */,
				991A6BC225F958EC00D31A26 /* Release */,
			);
			defaultConfigurationIsVisible = 0;
			defaultConfigurationName = Release;
		};
		991A6BC325F958EC00D31A26 /* Build configuration list for PBXNativeTarget "MarvelFantasyDemo" */ = {
			isa = XCConfigurationList;
			buildConfigurations = (
				991A6BC425F958EC00D31A26 /* Debug */,
				991A6BC525F958EC00D31A26 /* Release */,
			);
			defaultConfigurationIsVisible = 0;
			defaultConfigurationName = Release;
		};
		991A6BC625F958EC00D31A26 /* Build configuration list for PBXNativeTarget "MarvelFantasyDemoTests" */ = {
			isa = XCConfigurationList;
			buildConfigurations = (
				991A6BC725F958EC00D31A26 /* Debug */,
				991A6BC825F958EC00D31A26 /* Release */,
			);
			defaultConfigurationIsVisible = 0;
			defaultConfigurationName = Release;
		};
		991A6BC925F958EC00D31A26 /* Build configuration list for PBXNativeTarget "MarvelFantasyDemoUITests" */ = {
			isa = XCConfigurationList;
			buildConfigurations = (
				991A6BCA25F958EC00D31A26 /* Debug */,
				991A6BCB25F958EC00D31A26 /* Release */,
			);
			defaultConfigurationIsVisible = 0;
			defaultConfigurationName = Release;
		};
/* End XCConfigurationList section */
	};
	rootObject = 991A6B9125F958E700D31A26 /* Project object */;
}
